
Microsoft Visual Studio Solution File, Format Version 12.00
# Visual Studio 15
VisualStudioVersion = 15.0.28307.1267
MinimumVisualStudioVersion = 10.0.40219.1
Project("{FAE04EC0-301F-11D3-BF4B-00C04F79EFBC}") = "3342_TermProject-PetAdoption", "3342_TermProject-PetAdoption\3342_TermProject-PetAdoption.csproj", "{CF7D4F74-19ED-4573-A280-DF977D9C8A93}"
EndProject
Project("{FAE04EC0-301F-11D3-BF4B-00C04F79EFBC}") = "PetAdoptionLibrary", "PetAdoptionLibrary\PetAdoptionLibrary.csproj", "{D6B1E03A-CECD-4EF3-9BCE-9E817CF7A279}"
EndProject
Global
	GlobalSection(SolutionConfigurationPlatforms) = preSolution
		Debug|Any CPU = Debug|Any CPU
		Release|Any CPU = Release|Any CPU
	EndGlobalSection
	GlobalSection(ProjectConfigurationPlatforms) = postSolution
		{CF7D4F74-19ED-4573-A280-DF977D9C8A93}.Debug|Any CPU.ActiveCfg = Debug|Any CPU
		{CF7D4F74-19ED-4573-A280-DF977D9C8A93}.Debug|Any CPU.Build.0 = Debug|Any CPU
		{CF7D4F74-19ED-4573-A280-DF977D9C8A93}.Release|Any CPU.ActiveCfg = Release|Any CPU
		{CF7D4F74-19ED-4573-A280-DF977D9C8A93}.Release|Any CPU.Build.0 = Release|Any CPU
		{D6B1E03A-CECD-4EF3-9BCE-9E817CF7A279}.Debug|Any CPU.ActiveCfg = Debug|Any CPU
		{D6B1E03A-CECD-4EF3-9BCE-9E817CF7A279}.Debug|Any CPU.Build.0 = Debug|Any CPU
		{D6B1E03A-CECD-4EF3-9BCE-9E817CF7A279}.Release|Any CPU.ActiveCfg = Release|Any CPU
		{D6B1E03A-CECD-4EF3-9BCE-9E817CF7A279}.Release|Any CPU.Build.0 = Release|Any CPU
	EndGlobalSection
	GlobalSection(SolutionProperties) = preSolution
		HideSolutionNode = FALSE
	EndGlobalSection
	GlobalSection(ExtensibilityGlobals) = postSolution
		SolutionGuid = {2CF55FBC-B412-4580-A8C9-B25F3B9293B8}
	EndGlobalSection
EndGlobal
